
Microsoft Visual Studio Solution File, Format Version 12.00
# Visual Studio Version 16
VisualStudioVersion = 16.0.31613.86
MinimumVisualStudioVersion = 10.0.40219.1
Project("{FAE04EC0-301F-11D3-BF4B-00C04F79EFBC}") = "CarsAudioRecorder2b", "CarsAudioRecorder2b\CarsAudioRecorder2b.csproj", "{F302C8A1-6548-40FA-B9F0-C361495C742E}"
EndProject
Global
	GlobalSection(SolutionConfigurationPlatforms) = preSolution
		Debug|Any CPU = Debug|Any CPU
		Debug|x64 = Debug|x64
		Release|Any CPU = Release|Any CPU
		Release|x64 = Release|x64
	EndGlobalSection
	GlobalSection(ProjectConfigurationPlatforms) = postSolution
		{F302C8A1-6548-40FA-B9F0-C361495C742E}.Debug|Any CPU.ActiveCfg = Debug|Any CPU
		{F302C8A1-6548-40FA-B9F0-C361495C742E}.Debug|Any CPU.Build.0 = Debug|Any CPU
		{F302C8A1-6548-40FA-B9F0-C361495C742E}.Debug|x64.ActiveCfg = Debug|x64
		{F302C8A1-6548-40FA-B9F0-C361495C742E}.Debug|x64.Build.0 = Debug|x64
		{F302C8A1-6548-40FA-B9F0-C361495C742E}.Release|Any CPU.ActiveCfg = Release|Any CPU
		{F302C8A1-6548-40FA-B9F0-C361495C742E}.Release|Any CPU.Build.0 = Release|Any CPU
		{F302C8A1-6548-40FA-B9F0-C361495C742E}.Release|x64.ActiveCfg = Release|x64
		{F302C8A1-6548-40FA-B9F0-C361495C742E}.Release|x64.Build.0 = Release|x64
	EndGlobalSection
	GlobalSection(SolutionProperties) = preSolution
		HideSolutionNode = FALSE
	EndGlobalSection
	GlobalSection(ExtensibilityGlobals) = postSolution
		SolutionGuid = {C77EF419-6DA2-4A62-BD99-0FDC2863F2FB}
	EndGlobalSection
EndGlobal
